
Microsoft Visual Studio Solution File, Format Version 12.00
# Visual Studio Version 17
VisualStudioVersion = 17.1.32228.430
MinimumVisualStudioVersion = 10.0.40219.1
Project("{9A19103F-16F7-4668-BE54-9A1E7A4F7556}") = "BigCalculator.Api", "BigCalculator\BigCalculator.Api.csproj", "{AB51C8D4-0B6F-496C-A18C-0D483FA8FF16}"
	ProjectSection(ProjectDependencies) = postProject
		{9905441A-3F13-4CD7-AD73-1D4CAC87755D} = {9905441A-3F13-4CD7-AD73-1D4CAC87755D}
		{2805379F-EADB-470D-9A67-CB743F2439DA} = {2805379F-EADB-470D-9A67-CB743F2439DA}
	EndProjectSection
EndProject
Project("{9A19103F-16F7-4668-BE54-9A1E7A4F7556}") = "BigCalculator.Service", "BigCalculator.Service\BigCalculator.Service.csproj", "{C18A5A5B-44DA-483D-A86C-85ED6A40AD2B}"
	ProjectSection(ProjectDependencies) = postProject
		{92E72B05-40D3-4FB4-988E-5EC2785BF0F9} = {92E72B05-40D3-4FB4-988E-5EC2785BF0F9}
	EndProjectSection
EndProject
Project("{9A19103F-16F7-4668-BE54-9A1E7A4F7556}") = "BigCalculator.Calculus", "BigCalculator.Parser\BigCalculator.Calculus.csproj", "{9905441A-3F13-4CD7-AD73-1D4CAC87755D}"
	ProjectSection(ProjectDependencies) = postProject
		{92E72B05-40D3-4FB4-988E-5EC2785BF0F9} = {92E72B05-40D3-4FB4-988E-5EC2785BF0F9}
	EndProjectSection
EndProject
Project("{9A19103F-16F7-4668-BE54-9A1E7A4F7556}") = "BigCalculator.Validator", "BigCalculator.Validator\BigCalculator.Validator.csproj", "{2805379F-EADB-470D-9A67-CB743F2439DA}"
	ProjectSection(ProjectDependencies) = postProject
		{92E72B05-40D3-4FB4-988E-5EC2785BF0F9} = {92E72B05-40D3-4FB4-988E-5EC2785BF0F9}
	EndProjectSection
EndProject
Project("{9A19103F-16F7-4668-BE54-9A1E7A4F7556}") = "BigCalculator.Core", "BigCalculator.Core\BigCalculator.Core.csproj", "{92E72B05-40D3-4FB4-988E-5EC2785BF0F9}"
EndProject
Project("{9A19103F-16F7-4668-BE54-9A1E7A4F7556}") = "BigCalculator.Adapter", "BigCalculator.Adapter\BigCalculator.Adapter.csproj", "{CB2D45D1-4B6B-4FD9-BAB5-533B50DEC3D7}"
EndProject
Project("{9A19103F-16F7-4668-BE54-9A1E7A4F7556}") = "BigCalculator.UnitTests", "BigCalculator.UnitTests\BigCalculator.UnitTests.csproj", "{9AA00246-A118-4BAF-817F-3CB83D8089EA}"
EndProject
Global
	GlobalSection(SolutionConfigurationPlatforms) = preSolution
		Debug|Any CPU = Debug|Any CPU
		Release|Any CPU = Release|Any CPU
	EndGlobalSection
	GlobalSection(ProjectConfigurationPlatforms) = postSolution
		{AB51C8D4-0B6F-496C-A18C-0D483FA8FF16}.Debug|Any CPU.ActiveCfg = Debug|Any CPU
		{AB51C8D4-0B6F-496C-A18C-0D483FA8FF16}.Debug|Any CPU.Build.0 = Debug|Any CPU
		{AB51C8D4-0B6F-496C-A18C-0D483FA8FF16}.Release|Any CPU.ActiveCfg = Release|Any CPU
		{AB51C8D4-0B6F-496C-A18C-0D483FA8FF16}.Release|Any CPU.Build.0 = Release|Any CPU
		{C18A5A5B-44DA-483D-A86C-85ED6A40AD2B}.Debug|Any CPU.ActiveCfg = Debug|Any CPU
		{C18A5A5B-44DA-483D-A86C-85ED6A40AD2B}.Debug|Any CPU.Build.0 = Debug|Any CPU
		{C18A5A5B-44DA-483D-A86C-85ED6A40AD2B}.Release|Any CPU.ActiveCfg = Release|Any CPU
		{C18A5A5B-44DA-483D-A86C-85ED6A40AD2B}.Release|Any CPU.Build.0 = Release|Any CPU
		{9905441A-3F13-4CD7-AD73-1D4CAC87755D}.Debug|Any CPU.ActiveCfg = Debug|Any CPU
		{9905441A-3F13-4CD7-AD73-1D4CAC87755D}.Debug|Any CPU.Build.0 = Debug|Any CPU
		{9905441A-3F13-4CD7-AD73-1D4CAC87755D}.Release|Any CPU.ActiveCfg = Release|Any CPU
		{9905441A-3F13-4CD7-AD73-1D4CAC87755D}.Release|Any CPU.Build.0 = Release|Any CPU
		{2805379F-EADB-470D-9A67-CB743F2439DA}.Debug|Any CPU.ActiveCfg = Debug|Any CPU
		{2805379F-EADB-470D-9A67-CB743F2439DA}.Debug|Any CPU.Build.0 = Debug|Any CPU
		{2805379F-EADB-470D-9A67-CB743F2439DA}.Release|Any CPU.ActiveCfg = Release|Any CPU
		{2805379F-EADB-470D-9A67-CB743F2439DA}.Release|Any CPU.Build.0 = Release|Any CPU
		{92E72B05-40D3-4FB4-988E-5EC2785BF0F9}.Debug|Any CPU.ActiveCfg = Debug|Any CPU
		{92E72B05-40D3-4FB4-988E-5EC2785BF0F9}.Debug|Any CPU.Build.0 = Debug|Any CPU
		{92E72B05-40D3-4FB4-988E-5EC2785BF0F9}.Release|Any CPU.ActiveCfg = Release|Any CPU
		{92E72B05-40D3-4FB4-988E-5EC2785BF0F9}.Release|Any CPU.Build.0 = Release|Any CPU
		{CB2D45D1-4B6B-4FD9-BAB5-533B50DEC3D7}.Debug|Any CPU.ActiveCfg = Debug|Any CPU
		{CB2D45D1-4B6B-4FD9-BAB5-533B50DEC3D7}.Debug|Any CPU.Build.0 = Debug|Any CPU
		{CB2D45D1-4B6B-4FD9-BAB5-533B50DEC3D7}.Release|Any CPU.ActiveCfg = Release|Any CPU
		{CB2D45D1-4B6B-4FD9-BAB5-533B50DEC3D7}.Release|Any CPU.Build.0 = Release|Any CPU
		{9AA00246-A118-4BAF-817F-3CB83D8089EA}.Debug|Any CPU.ActiveCfg = Debug|Any CPU
		{9AA00246-A118-4BAF-817F-3CB83D8089EA}.Debug|Any CPU.Build.0 = Debug|Any CPU
		{9AA00246-A118-4BAF-817F-3CB83D8089EA}.Release|Any CPU.ActiveCfg = Release|Any CPU
		{9AA00246-A118-4BAF-817F-3CB83D8089EA}.Release|Any CPU.Build.0 = Release|Any CPU
	EndGlobalSection
	GlobalSection(SolutionProperties) = preSolution
		HideSolutionNode = FALSE
	EndGlobalSection
	GlobalSection(ExtensibilityGlobals) = postSolution
		SolutionGuid = {01218B55-DE8D-486D-8D19-FB85B4D1EF7B}
	EndGlobalSection
EndGlobal
